
Microsoft Visual Studio Solution File, Format Version 12.00
# Visual Studio Version 17
VisualStudioVersion = 17.6.33829.357
MinimumVisualStudioVersion = 10.0.40219.1
Project("{9A19103F-16F7-4668-BE54-9A1E7A4F7556}") = "School", "School.csproj", "{7D1C6A18-DCBF-4C23-BAA1-8E76AF4FC21B}"
EndProject
Project("{9A19103F-16F7-4668-BE54-9A1E7A4F7556}") = "TestSchool", "..\TestSchool\TestSchool.csproj", "{88C4B88A-07FD-45A4-BEE5-8A3385F53D9A}"
EndProject
Global
	GlobalSection(SolutionConfigurationPlatforms) = preSolution
		Debug|Any CPU = Debug|Any CPU
		Release|Any CPU = Release|Any CPU
	EndGlobalSection
	GlobalSection(ProjectConfigurationPlatforms) = postSolution
		{7D1C6A18-DCBF-4C23-BAA1-8E76AF4FC21B}.Debug|Any CPU.ActiveCfg = Debug|Any CPU
		{7D1C6A18-DCBF-4C23-BAA1-8E76AF4FC21B}.Debug|Any CPU.Build.0 = Debug|Any CPU
		{7D1C6A18-DCBF-4C23-BAA1-8E76AF4FC21B}.Release|Any CPU.ActiveCfg = Release|Any CPU
		{7D1C6A18-DCBF-4C23-BAA1-8E76AF4FC21B}.Release|Any CPU.Build.0 = Release|Any CPU
		{88C4B88A-07FD-45A4-BEE5-8A3385F53D9A}.Debug|Any CPU.ActiveCfg = Debug|Any CPU
		{88C4B88A-07FD-45A4-BEE5-8A3385F53D9A}.Debug|Any CPU.Build.0 = Debug|Any CPU
		{88C4B88A-07FD-45A4-BEE5-8A3385F53D9A}.Release|Any CPU.ActiveCfg = Release|Any CPU
		{88C4B88A-07FD-45A4-BEE5-8A3385F53D9A}.Release|Any CPU.Build.0 = Release|Any CPU
	EndGlobalSection
	GlobalSection(SolutionProperties) = preSolution
		HideSolutionNode = FALSE
	EndGlobalSection
	GlobalSection(ExtensibilityGlobals) = postSolution
		SolutionGuid = {55574DFB-BD7D-49EE-A697-510F44456EB1}
	EndGlobalSection
EndGlobal
